# GENERATED FILE - DO NOT EDIT DIRECTLY
schema_version: 1

bundle:
  version: "0.1.0-dev"
  release_sequence: 0
  channel: "development"
  source_commit: "7120d79f77124632c6cf355bca27598c120c1182"
  digest: "sha256:7dd8c40b344edf75b465f692dc44340b1dda8a187a5326fe703aef0aabeeb1c1"

projection:
  input_digest: "sha256:24879f858628a87b9316a2f7a91d090c53b39723491abc207f8dec44d4eaab95"
  output_digest: "sha256:3456bc3372b26a41206804d6cf4dbf39cb57b84ebf16682871b08e02dda4039c"
  files:
    - path: ".claude/CLAUDE.md"
      digest: "sha256:bc7c9a870bfdb8b6cd6d32935cbe793ef4365600fdcd0a5b49d910f547c2536c"
    - path: ".gds/compiled-policy.json"
      digest: "sha256:eeb034a7afa169596f397691f12b9f08b8a963e72f1c07d8db08dc9f746cc023"
    - path: "AGENTS.md"
      digest: "sha256:e976a2bd9f616aa5a2ba101272b0f64f8e28012f51880717898244555843d380"
